// !$*UTF8*$!
{
	archiveVersion = 1;
	classes = {
	};
	objectVersion = 77;
	objects = {

/* Begin PBXContainerItemProxy section */
		D890EC7D2EA03AC500E3D4C3 /* PBXContainerItemProxy */ = {
			isa = PBXContainerItemProxy;
			containerPortal = D890EC642EA03ABF00E3D4C3 /* Project object */;
			proxyType = 1;
			remoteGlobalIDString = D890EC6B2EA03ABF00E3D4C3;
			remoteInfo = "Input Ipad";
		};
		D890EC872EA03AC500E3D4C3 /* PBXContainerItemProxy */ = {
			isa = PBXContainerItemProxy;
			containerPortal = D890EC642EA03ABF00E3D4C3 /* Project object */;
			proxyType = 1;
			remoteGlobalIDString = D890EC6B2EA03ABF00E3D4C3;
			remoteInfo = "Input Ipad";
		};
/* End PBXContainerItemProxy section */

/* Begin PBXFileReference section */
		D890EC6C2EA03ABF00E3D4C3 /* Input Ipad.app */ = {isa = PBXFileReference; explicitFileType = wrapper.application; includeInIndex = 0; path = "Input Ipad.app"; sourceTree = BUILT_PRODUCTS_DIR; };
		D890EC7C2EA03AC500E3D4C3 /* Input IpadTests.xctest */ = {isa = PBXFileReference; explicitFileType = wrapper.cfbundle; includeInIndex = 0; path = "Input IpadTests.xctest"; sourceTree = BUILT_PRODUCTS_DIR; };
		D890EC862EA03AC500E3D4C3 /* Input IpadUITests.xctest */ = {isa = PBXFileReference; explicitFileType = wrapper.cfbundle; includeInIndex = 0; path = "Input IpadUITests.xctest"; sourceTree = BUILT_PRODUCTS_DIR; };
/* End PBXFileReference section */

/* Begin PBXFileSystemSynchronizedRootGroup section */
		D890EC6E2EA03ABF00E3D4C3 /* Input Ipad */ = {
			isa = PBXFileSystemSynchronizedRootGroup;
			path = "Input Ipad";
			sourceTree = "<group>";
		};
		D890EC7F2EA03AC500E3D4C3 /* Input IpadTests */ = {
			isa = PBXFileSystemSynchronizedRootGroup;
			path = "Input IpadTests";
			sourceTree = "<group>";
		};
		D890EC892EA03AC500E3D4C3 /* Input IpadUITests */ = {
			isa = PBXFileSystemSynchronizedRootGroup;
			path = "Input IpadUITests";
			sourceTree = "<group>";
		};
/* End PBXFileSystemSynchronizedRootGroup section */

/* Begin PBXFrameworksBuildPhase section */
		D890EC692EA03ABF00E3D4C3 /* Frameworks */ = {
			isa = PBXFrameworksBuildPhase;
			buildActionMask = 2147483647;
			files = (
			);
			runOnlyForDeploymentPostprocessing = 0;
		};
		D890EC792EA03AC500E3D4C3 /* Frameworks */ = {
			isa = PBXFrameworksBuildPhase;
			buildActionMask = 2147483647;
			files = (
			);
			runOnlyForDeploymentPostprocessing = 0;
		};
		D890EC832EA03AC500E3D4C3 /* Frameworks */ = {
			isa = PBXFrameworksBuildPhase;
			buildActionMask = 2147483647;
			files = (
			);
			runOnlyForDeploymentPostprocessing = 0;
		};
/* End PBXFrameworksBuildPhase section */

/* Begin PBXGroup section */
		D890EC632EA03ABF00E3D4C3 = {
			isa = PBXGroup;
			children = (
				D890EC6E2EA03ABF00E3D4C3 /* Input Ipad */,
				D890EC7F2EA03AC500E3D4C3 /* Input IpadTests */,
				D890EC892EA03AC500E3D4C3 /* Input IpadUITests */,
				D890EC6D2EA03ABF00E3D4C3 /* Products */,
			);
			sourceTree = "<group>";
		};
		D890EC6D2EA03ABF00E3D4C3 /* Products */ = {
			isa = PBXGroup;
			children = (
				D890EC6C2EA03ABF00E3D4C3 /* Input Ipad.app */,
				D890EC7C2EA03AC500E3D4C3 /* Input IpadTests.xctest */,
				D890EC862EA03AC500E3D4C3 /* Input IpadUITests.xctest */,
			);
			name = Products;
			sourceTree = "<group>";
		};
/* End PBXGroup section */

/* Begin PBXNativeTarget section */
		D890EC6B2EA03ABF00E3D4C3 /* Input Ipad */ = {
			isa = PBXNativeTarget;
			buildConfigurationList = D890EC902EA03AC500E3D4C3 /* Build configuration list for PBXNativeTarget "Input Ipad" */;
			buildPhases = (
				D890EC682EA03ABF00E3D4C3 /* Sources */,
				D890EC692EA03ABF00E3D4C3 /* Frameworks */,
				D890EC6A2EA03ABF00E3D4C3 /* Resources */,
			);
			buildRules = (
			);
			dependencies = (
			);
			fileSystemSynchronizedGroups = (
				D890EC6E2EA03ABF00E3D4C3 /* Input Ipad */,
			);
			name = "Input Ipad";
			packageProductDependencies = (
			);
			productName = "Input Ipad";
			productReference = D890EC6C2EA03ABF00E3D4C3 /* Input Ipad.app */;
			productType = "com.apple.product-type.application";
		};
		D890EC7B2EA03AC500E3D4C3 /* Input IpadTests */ = {
			isa = PBXNativeTarget;
			buildConfigurationList = D890EC932EA03AC500E3D4C3 /* Build configuration list for PBXNativeTarget "Input IpadTests" */;
			buildPhases = (
				D890EC782EA03AC500E3D4C3 /* Sources */,
				D890EC792EA03AC500E3D4C3 /* Frameworks */,
				D890EC7A2EA03AC500E3D4C3 /* Resources */,
			);
			buildRules = (
			);
			dependencies = (
				D890EC7E2EA03AC500E3D4C3 /* PBXTargetDependency */,
			);
			fileSystemSynchronizedGroups = (
				D890EC7F2EA03AC500E3D4C3 /* Input IpadTests */,
			);
			name = "Input IpadTests";
			packageProductDependencies = (
			);
			productName = "Input IpadTests";
			productReference = D890EC7C2EA03AC500E3D4C3 /* Input IpadTests.xctest */;
			productType = "com.apple.product-type.bundle.unit-test";
		};
		D890EC852EA03AC500E3D4C3 /* Input IpadUITests */ = {
			isa = PBXNativeTarget;
			buildConfigurationList = D890EC962EA03AC500E3D4C3 /* Build configuration list for PBXNativeTarget "Input IpadUITests" */;
			buildPhases = (
				D890EC822EA03AC500E3D4C3 /* Sources */,
				D890EC832EA03AC500E3D4C3 /* Frameworks */,
				D890EC842EA03AC500E3D4C3 /* Resources */,
			);
			buildRules = (
			);
			dependencies = (
				D890EC882EA03AC500E3D4C3 /* PBXTargetDependency */,
			);
			fileSystemSynchronizedGroups = (
				D890EC892EA03AC500E3D4C3 /* Input IpadUITests */,
			);
			name = "Input IpadUITests";
			packageProductDependencies = (
			);
			productName = "Input IpadUITests";
			productReference = D890EC862EA03AC500E3D4C3 /* Input IpadUITests.xctest */;
			productType = "com.apple.product-type.bundle.ui-testing";
		};
/* End PBXNativeTarget section */

/* Begin PBXProject section */
		D890EC642EA03ABF00E3D4C3 /* Project object */ = {
			isa = PBXProject;
			attributes = {
				BuildIndependentTargetsInParallel = 1;
				LastSwiftUpdateCheck = 1620;
				LastUpgradeCheck = 1620;
				TargetAttributes = {
					D890EC6B2EA03ABF00E3D4C3 = {
						CreatedOnToolsVersion = 16.2;
					};
					D890EC7B2EA03AC500E3D4C3 = {
						CreatedOnToolsVersion = 16.2;
						TestTargetID = D890EC6B2EA03ABF00E3D4C3;
					};
					D890EC852EA03AC500E3D4C3 = {
						CreatedOnToolsVersion = 16.2;
						TestTargetID = D890EC6B2EA03ABF00E3D4C3;
					};
				};
			};
			buildConfigurationList = D890EC672EA03ABF00E3D4C3 /* Build configuration list for PBXProject "Input Ipad" */;
			developmentRegion = en;
			hasScannedForEncodings = 0;
			knownRegions = (
				en,
				Base,
			);
			mainGroup = D890EC632EA03ABF00E3D4C3;
			minimizedProjectReferenceProxies = 1;
			preferredProjectObjectVersion = 77;
			productRefGroup = D890EC6D2EA03ABF00E3D4C3 /* Products */;
			projectDirPath = "";
			projectRoot = "";
			targets = (
				D890EC6B2EA03ABF00E3D4C3 /* Input Ipad */,
				D890EC7B2EA03AC500E3D4C3 /* Input IpadTests */,
				D890EC852EA03AC500E3D4C3 /* Input IpadUITests */,
			);
		};
/* End PBXProject section */

/* Begin PBXResourcesBuildPhase section */
		D890EC6A2EA03ABF00E3D4C3 /* Resources */ = {
			isa = PBXResourcesBuildPhase;
			buildActionMask = 2147483647;
			files = (
			);
			runOnlyForDeploymentPostprocessing = 0;
		};
		D890EC7A2EA03AC500E3D4C3 /* Resources */ = {
			isa = PBXResourcesBuildPhase;
			buildActionMask = 2147483647;
			files = (
			);
			runOnlyForDeploymentPostprocessing = 0;
		};
		D890EC842EA03AC500E3D4C3 /* Resources */ = {
			isa = PBXResourcesBuildPhase;
			buildActionMask = 2147483647;
			files = (
			);
			runOnlyForDeploymentPostprocessing = 0;
		};
/* End PBXResourcesBuildPhase section */

/* Begin PBXSourcesBuildPhase section */
		D890EC682EA03ABF00E3D4C3 /* Sources */ = {
			isa = PBXSourcesBuildPhase;
			buildActionMask = 2147483647;
			files = (
			);
			runOnlyForDeploymentPostprocessing = 0;
		};
		D890EC782EA03AC500E3D4C3 /* Sources */ = {
			isa = PBXSourcesBuildPhase;
			buildActionMask = 2147483647;
			files = (
			);
			runOnlyForDeploymentPostprocessing = 0;
		};
		D890EC822EA03AC500E3D4C3 /* Sources */ = {
			isa = PBXSourcesBuildPhase;
			buildActionMask = 2147483647;
			files = (
			);
			runOnlyForDeploymentPostprocessing = 0;
		};
/* End PBXSourcesBuildPhase section */

/* Begin PBXTargetDependency section */
		D890EC7E2EA03AC500E3D4C3 /* PBXTargetDependency */ = {
			isa = PBXTargetDependency;
			target = D890EC6B2EA03ABF00E3D4C3 /* Input Ipad */;
			targetProxy = D890EC7D2EA03AC500E3D4C3 /* PBXContainerItemProxy */;
		};
		D890EC882EA03AC500E3D4C3 /* PBXTargetDependency */ = {
			isa = PBXTargetDependency;
			target = D890EC6B2EA03ABF00E3D4C3 /* Input Ipad */;
			targetProxy = D890EC872EA03AC500E3D4C3 /* PBXContainerItemProxy */;
		};
/* End PBXTargetDependency section */

/* Begin XCBuildConfiguration section */
		D890EC8E2EA03AC500E3D4C3 /* Debug */ = {
			isa = XCBuildConfiguration;
			buildSettings = {
				ALWAYS_SEARCH_USER_PATHS = NO;
				ASSETCATALOG_COMPILER_GENERATE_SWIFT_ASSET_SYMBOL_EXTENSIONS = YES;
				CLANG_ANALYZER_NONNULL = YES;
				CLANG_ANALYZER_NUMBER_OBJECT_CONVERSION = YES_AGGRESSIVE;
				CLANG_CXX_LANGUAGE_STANDARD = "gnu++20";
				CLANG_ENABLE_MODULES = YES;
				CLANG_ENABLE_OBJC_ARC = YES;
				CLANG_ENABLE_OBJC_WEAK = YES;
				CLANG_WARN_BLOCK_CAPTURE_AUTORELEASING = YES;
				CLANG_WARN_BOOL_CONVERSION = YES;
				CLANG_WARN_COMMA = YES;
				CLANG_WARN_CONSTANT_CONVERSION = YES;
				CLANG_WARN_DEPRECATED_OBJC_IMPLEMENTATIONS = YES;
				CLANG_WARN_DIRECT_OBJC_ISA_USAGE = YES_ERROR;
				CLANG_WARN_DOCUMENTATION_COMMENTS = YES;
				CLANG_WARN_EMPTY_BODY = YES;
				CLANG_WARN_ENUM_CONVERSION = YES;
				CLANG_WARN_INFINITE_RECURSION = YES;
				CLANG_WARN_INT_CONVERSION = YES;
				CLANG_WARN_NON_LITERAL_NULL_CONVERSION = YES;
				CLANG_WARN_OBJC_IMPLICIT_RETAIN_SELF = YES;
				CLANG_WARN_OBJC_LITERAL_CONVERSION = YES;
				CLANG_WARN_OBJC_ROOT_CLASS = YES_ERROR;
				CLANG_WARN_QUOTED_INCLUDE_IN_FRAMEWORK_HEADER = YES;
				CLANG_WARN_RANGE_LOOP_ANALYSIS = YES;
				CLANG_WARN_STRICT_PROTOTYPES = YES;
				CLANG_WARN_SUSPICIOUS_MOVE = YES;
				CLANG_WARN_UNGUARDED_AVAILABILITY = YES_AGGRESSIVE;
				CLANG_WARN_UNREACHABLE_CODE = YES;
				CLANG_WARN__DUPLICATE_METHOD_MATCH = YES;
				COPY_PHASE_STRIP = NO;
				DEBUG_INFORMATION_FORMAT = dwarf;
				ENABLE_STRICT_OBJC_MSGSEND = YES;
				ENABLE_TESTABILITY = YES;
				ENABLE_USER_SCRIPT_SANDBOXING = YES;
				GCC_C_LANGUAGE_STANDARD = gnu17;
				GCC_DYNAMIC_NO_PIC = NO;
				GCC_NO_COMMON_BLOCKS = YES;
				GCC_OPTIMIZATION_LEVEL = 0;
				GCC_PREPROCESSOR_DEFINITIONS = (
					"DEBUG=1",
					"$(inherited)",
				);
				GCC_WARN_64_TO_32_BIT_CONVERSION = YES;
				GCC_WARN_ABOUT_RETURN_TYPE = YES_ERROR;
				GCC_WARN_UNDECLARED_SELECTOR = YES;
				GCC_WARN_UNINITIALIZED_AUTOS = YES_AGGRESSIVE;
				GCC_WARN_UNUSED_FUNCTION = YES;
				GCC_WARN_UNUSED_VARIABLE = YES;
				IPHONEOS_DEPLOYMENT_TARGET = 18.2;
				LOCALIZATION_PREFERS_STRING_CATALOGS = YES;
				MTL_ENABLE_DEBUG_INFO = INCLUDE_SOURCE;
				MTL_FAST_MATH = YES;
				ONLY_ACTIVE_ARCH = YES;
				SDKROOT = iphoneos;
				SWIFT_ACTIVE_COMPILATION_CONDITIONS = "DEBUG $(inherited)";
				SWIFT_OPTIMIZATION_LEVEL = "-Onone";
			};
			name = Debug;
		};
		D890EC8F2EA03AC500E3D4C3 /* Release */ = {
			isa = XCBuildConfiguration;
			buildSettings = {
				ALWAYS_SEARCH_USER_PATHS = NO;
				ASSETCATALOG_COMPILER_GENERATE_SWIFT_ASSET_SYMBOL_EXTENSIONS = YES;
				CLANG_ANALYZER_NONNULL = YES;
				CLANG_ANALYZER_NUMBER_OBJECT_CONVERSION = YES_AGGRESSIVE;
				CLANG_CXX_LANGUAGE_STANDARD = "gnu++20";
				CLANG_ENABLE_MODULES = YES;
				CLANG_ENABLE_OBJC_ARC = YES;
				CLANG_ENABLE_OBJC_WEAK = YES;
				CLANG_WARN_BLOCK_CAPTURE_AUTORELEASING = YES;
				CLANG_WARN_BOOL_CONVERSION = YES;
				CLANG_WARN_COMMA = YES;
				CLANG_WARN_CONSTANT_CONVERSION = YES;
				CLANG_WARN_DEPRECATED_OBJC_IMPLEMENTATIONS = YES;
				CLANG_WARN_DIRECT_OBJC_ISA_USAGE = YES_ERROR;
				CLANG_WARN_DOCUMENTATION_COMMENTS = YES;
				CLANG_WARN_EMPTY_BODY = YES;
				CLANG_WARN_ENUM_CONVERSION = YES;
				CLANG_WARN_INFINITE_RECURSION = YES;
				CLANG_WARN_INT_CONVERSION = YES;
				CLANG_WARN_NON_LITERAL_NULL_CONVERSION = YES;
				CLANG_WARN_OBJC_IMPLICIT_RETAIN_SELF = YES;
				CLANG_WARN_OBJC_LITERAL_CONVERSION = YES;
				CLANG_WARN_OBJC_ROOT_CLASS = YES_ERROR;
				CLANG_WARN_QUOTED_INCLUDE_IN_FRAMEWORK_HEADER = YES;
				CLANG_WARN_RANGE_LOOP_ANALYSIS = YES;
				CLANG_WARN_STRICT_PROTOTYPES = YES;
				CLANG_WARN_SUSPICIOUS_MOVE = YES;
				CLANG_WARN_UNGUARDED_AVAILABILITY = YES_AGGRESSIVE;
				CLANG_WARN_UNREACHABLE_CODE = YES;
				CLANG_WARN__DUPLICATE_METHOD_MATCH = YES;
				COPY_PHASE_STRIP = NO;
				DEBUG_INFORMATION_FORMAT = "dwarf-with-dsym";
				ENABLE_NS_ASSERTIONS = NO;
				ENABLE_STRICT_OBJC_MSGSEND = YES;
				ENABLE_USER_SCRIPT_SANDBOXING = YES;
				GCC_C_LANGUAGE_STANDARD = gnu17;
				GCC_NO_COMMON_BLOCKS = YES;
				GCC_WARN_64_TO_32_BIT_CONVERSION = YES;
				GCC_WARN_ABOUT_RETURN_TYPE = YES_ERROR;
				GCC_WARN_UNDECLARED_SELECTOR = YES;
				GCC_WARN_UNINITIALIZED_AUTOS = YES_AGGRESSIVE;
				GCC_WARN_UNUSED_FUNCTION = YES;
				GCC_WARN_UNUSED_VARIABLE = YES;
				IPHONEOS_DEPLOYMENT_TARGET = 18.2;
				LOCALIZATION_PREFERS_STRING_CATALOGS = YES;
				MTL_ENABLE_DEBUG_INFO = NO;
				MTL_FAST_MATH = YES;
				SDKROOT = iphoneos;
				SWIFT_COMPILATION_MODE = wholemodule;
				VALIDATE_PRODUCT = YES;
			};
			name = Release;
		};
		D890EC912EA03AC500E3D4C3 /* Debug */ = {
			isa = XCBuildConfiguration;
			buildSettings = {
				ASSETCATALOG_COMPILER_APPICON_NAME = AppIcon;
				ASSETCATALOG_COMPILER_GLOBAL_ACCENT_COLOR_NAME = AccentColor;
				CODE_SIGN_STYLE = Automatic;
				CURRENT_PROJECT_VERSION = 1;
				DEVELOPMENT_ASSET_PATHS = "\"Input Ipad/Preview Content\"";
				DEVELOPMENT_TEAM = 4W498U9PZP;
				ENABLE_PREVIEWS = YES;
				GENERATE_INFOPLIST_FILE = YES;
				INFOPLIST_KEY_UIApplicationSceneManifest_Generation = YES;
				INFOPLIST_KEY_UIApplicationSupportsIndirectInputEvents = YES;
				INFOPLIST_KEY_UILaunchScreen_Generation = YES;
				INFOPLIST_KEY_UISupportedInterfaceOrientations_iPad = "UIInterfaceOrientationPortrait UIInterfaceOrientationPortraitUpsideDown UIInterfaceOrientationLandscapeLeft UIInterfaceOrientationLandscapeRight";
				INFOPLIST_KEY_UISupportedInterfaceOrientations_iPhone = "UIInterfaceOrientationPortrait UIInterfaceOrientationLandscapeLeft UIInterfaceOrientationLandscapeRight";
				LD_RUNPATH_SEARCH_PATHS = (
					"$(inherited)",
					"@executable_path/Frameworks",
				);
				MARKETING_VERSION = 1.0;
				PRODUCT_BUNDLE_IDENTIFIER = "tijuana1.Input-Ipad";
				PRODUCT_NAME = "$(TARGET_NAME)";
				SWIFT_EMIT_LOC_STRINGS = YES;
				SWIFT_VERSION = 5.0;
				TARGETED_DEVICE_FAMILY = "1,2";
			};
			name = Debug;
		};
		D890EC922EA03AC500E3D4C3 /* Release */ = {
			isa = XCBuildConfiguration;
			buildSettings = {
				ASSETCATALOG_COMPILER_APPICON_NAME = AppIcon;
				ASSETCATALOG_COMPILER_GLOBAL_ACCENT_COLOR_NAME = AccentColor;
				CODE_SIGN_STYLE = Automatic;
				CURRENT_PROJECT_VERSION = 1;
				DEVELOPMENT_ASSET_PATHS = "\"Input Ipad/Preview Content\"";
				DEVELOPMENT_TEAM = 4W498U9PZP;
				ENABLE_PREVIEWS = YES;
				GENERATE_INFOPLIST_FILE = YES;
				INFOPLIST_KEY_UIApplicationSceneManifest_Generation = YES;
				INFOPLIST_KEY_UIApplicationSupportsIndirectInputEvents = YES;
				INFOPLIST_KEY_UILaunchScreen_Generation = YES;
				INFOPLIST_KEY_UISupportedInterfaceOrientations_iPad = "UIInterfaceOrientationPortrait UIInterfaceOrientationPortraitUpsideDown UIInterfaceOrientationLandscapeLeft UIInterfaceOrientationLandscapeRight";
				INFOPLIST_KEY_UISupportedInterfaceOrientations_iPhone = "UIInterfaceOrientationPortrait UIInterfaceOrientationLandscapeLeft UIInterfaceOrientationLandscapeRight";
				LD_RUNPATH_SEARCH_PATHS = (
					"$(inherited)",
					"@executable_path/Frameworks",
				);
				MARKETING_VERSION = 1.0;
				PRODUCT_BUNDLE_IDENTIFIER = "tijuana1.Input-Ipad";
				PRODUCT_NAME = "$(TARGET_NAME)";
				SWIFT_EMIT_LOC_STRINGS = YES;
				SWIFT_VERSION = 5.0;
				TARGETED_DEVICE_FAMILY = "1,2";
			};
			name = Release;
		};
		D890EC942EA03AC500E3D4C3 /* Debug */ = {
			isa = XCBuildConfiguration;
			buildSettings = {
				BUNDLE_LOADER = "$(TEST_HOST)";
				CODE_SIGN_STYLE = Automatic;
				CURRENT_PROJECT_VERSION = 1;
				GENERATE_INFOPLIST_FILE = YES;
				IPHONEOS_DEPLOYMENT_TARGET = 18.2;
				MARKETING_VERSION = 1.0;
				PRODUCT_BUNDLE_IDENTIFIER = "tijuana.Input-IpadTests";
				PRODUCT_NAME = "$(TARGET_NAME)";
				SWIFT_EMIT_LOC_STRINGS = NO;
				SWIFT_VERSION = 5.0;
				TARGETED_DEVICE_FAMILY = "1,2";
				TEST_HOST = "$(BUILT_PRODUCTS_DIR)/Input Ipad.app/$(BUNDLE_EXECUTABLE_FOLDER_PATH)/Input Ipad";
			};
			name = Debug;
		};
		D890EC952EA03AC500E3D4C3 /* Release */ = {
			isa = XCBuildConfiguration;
			buildSettings = {
				BUNDLE_LOADER = "$(TEST_HOST)";
				CODE_SIGN_STYLE = Automatic;
				CURRENT_PROJECT_VERSION = 1;
				GENERATE_INFOPLIST_FILE = YES;
				IPHONEOS_DEPLOYMENT_TARGET = 18.2;
				MARKETING_VERSION = 1.0;
				PRODUCT_BUNDLE_IDENTIFIER = "tijuana.Input-IpadTests";
				PRODUCT_NAME = "$(TARGET_NAME)";
				SWIFT_EMIT_LOC_STRINGS = NO;
				SWIFT_VERSION = 5.0;
				TARGETED_DEVICE_FAMILY = "1,2";
				TEST_HOST = "$(BUILT_PRODUCTS_DIR)/Input Ipad.app/$(BUNDLE_EXECUTABLE_FOLDER_PATH)/Input Ipad";
			};
			name = Release;
		};
		D890EC972EA03AC500E3D4C3 /* Debug */ = {
			isa = XCBuildConfiguration;
			buildSettings = {
				CODE_SIGN_STYLE = Automatic;
				CURRENT_PROJECT_VERSION = 1;
				GENERATE_INFOPLIST_FILE = YES;
				MARKETING_VERSION = 1.0;
				PRODUCT_BUNDLE_IDENTIFIER = "tijuana.Input-IpadUITests";
				PRODUCT_NAME = "$(TARGET_NAME)";
				SWIFT_EMIT_LOC_STRINGS = NO;
				SWIFT_VERSION = 5.0;
				TARGETED_DEVICE_FAMILY = "1,2";
				TEST_TARGET_NAME = "Input Ipad";
			};
			name = Debug;
		};
		D890EC982EA03AC500E3D4C3 /* Release */ = {
			isa = XCBuildConfiguration;
			buildSettings = {
				CODE_SIGN_STYLE = Automatic;
				CURRENT_PROJECT_VERSION = 1;
				GENERATE_INFOPLIST_FILE = YES;
				MARKETING_VERSION = 1.0;
				PRODUCT_BUNDLE_IDENTIFIER = "tijuana.Input-IpadUITests";
				PRODUCT_NAME = "$(TARGET_NAME)";
				SWIFT_EMIT_LOC_STRINGS = NO;
				SWIFT_VERSION = 5.0;
				TARGETED_DEVICE_FAMILY = "1,2";
				TEST_TARGET_NAME = "Input Ipad";
			};
			name = Release;
		};
/* End XCBuildConfiguration section */

/* Begin XCConfigurationList section */
		D890EC672EA03ABF00E3D4C3 /* Build configuration list for PBXProject "Input Ipad" */ = {
			isa = XCConfigurationList;
			buildConfigurations = (
				D890EC8E2EA03AC500E3D4C3 /* Debug */,
				D890EC8F2EA03AC500E3D4C3 /* Release */,
			);
			defaultConfigurationIsVisible = 0;
			defaultConfigurationName = Release;
		};
		D890EC902EA03AC500E3D4C3 /* Build configuration list for PBXNativeTarget "Input Ipad" */ = {
			isa = XCConfigurationList;
			buildConfigurations = (
				D890EC912EA03AC500E3D4C3 /* Debug */,
				D890EC922EA03AC500E3D4C3 /* Release */,
			);
			defaultConfigurationIsVisible = 0;
			defaultConfigurationName = Release;
		};
		D890EC932EA03AC500E3D4C3 /* Build configuration list for PBXNativeTarget "Input IpadTests" */ = {
			isa = XCConfigurationList;
			buildConfigurations = (
				D890EC942EA03AC500E3D4C3 /* Debug */,
				D890EC952EA03AC500E3D4C3 /* Release */,
			);
			defaultConfigurationIsVisible = 0;
			defaultConfigurationName = Release;
		};
		D890EC962EA03AC500E3D4C3 /* Build configuration list for PBXNativeTarget "Input IpadUITests" */ = {
			isa = XCConfigurationList;
			buildConfigurations = (
				D890EC972EA03AC500E3D4C3 /* Debug */,
				D890EC982EA03AC500E3D4C3 /* Release */,
			);
			defaultConfigurationIsVisible = 0;
			defaultConfigurationName = Release;
		};
/* End XCConfigurationList section */
	};
	rootObject = D890EC642EA03ABF00E3D4C3 /* Project object */;
}
